
Microsoft Visual Studio Solution File, Format Version 12.00
# Visual Studio Version 17
VisualStudioVersion = 17.8.34525.116
MinimumVisualStudioVersion = 10.0.40219.1
Project("{9A19103F-16F7-4668-BE54-9A1E7A4F7556}") = "Digger", "Digger.csproj", "{3F76A602-33BA-424A-8303-75835DA97F70}"
EndProject
Global
	GlobalSection(SolutionConfigurationPlatforms) = preSolution
		Debug|Any CPU = Debug|Any CPU
		Release|Any CPU = Release|Any CPU
	EndGlobalSection
	GlobalSection(ProjectConfigurationPlatforms) = postSolution
		{3F76A602-33BA-424A-8303-75835DA97F70}.Debug|Any CPU.ActiveCfg = Debug|Any CPU
		{3F76A602-33BA-424A-8303-75835DA97F70}.Debug|Any CPU.Build.0 = Debug|Any CPU
		{3F76A602-33BA-424A-8303-75835DA97F70}.Release|Any CPU.ActiveCfg = Release|Any CPU
		{3F76A602-33BA-424A-8303-75835DA97F70}.Release|Any CPU.Build.0 = Release|Any CPU
	EndGlobalSection
	GlobalSection(SolutionProperties) = preSolution
		HideSolutionNode = FALSE
	EndGlobalSection
	GlobalSection(ExtensibilityGlobals) = postSolution
		SolutionGuid = {F9DED8A7-6BAB-42C6-8693-A23D9B620452}
	EndGlobalSection
EndGlobal
